
Microsoft Visual Studio Solution File, Format Version 12.00
# Visual Studio Version 17
VisualStudioVersion = 17.9.34728.123
MinimumVisualStudioVersion = 10.0.40219.1
Project("{FAE04EC0-301F-11D3-BF4B-00C04F79EFBC}") = "SocialMediaApis", "SocialMediaApis\SocialMediaApis.csproj", "{33E84F62-6B84-43CC-815D-7949ED54EFDF}"
EndProject
Global
	GlobalSection(SolutionConfigurationPlatforms) = preSolution
		Debug|Any CPU = Debug|Any CPU
		Release|Any CPU = Release|Any CPU
	EndGlobalSection
	GlobalSection(ProjectConfigurationPlatforms) = postSolution
		{33E84F62-6B84-43CC-815D-7949ED54EFDF}.Debug|Any CPU.ActiveCfg = Debug|Any CPU
		{33E84F62-6B84-43CC-815D-7949ED54EFDF}.Debug|Any CPU.Build.0 = Debug|Any CPU
		{33E84F62-6B84-43CC-815D-7949ED54EFDF}.Release|Any CPU.ActiveCfg = Release|Any CPU
		{33E84F62-6B84-43CC-815D-7949ED54EFDF}.Release|Any CPU.Build.0 = Release|Any CPU
	EndGlobalSection
	GlobalSection(SolutionProperties) = preSolution
		HideSolutionNode = FALSE
	EndGlobalSection
	GlobalSection(ExtensibilityGlobals) = postSolution
		SolutionGuid = {D35BFD8E-4E27-4BB3-A2B8-47B1D5C8AAE7}
	EndGlobalSection
EndGlobal
